
Microsoft Visual Studio Solution File, Format Version 12.00
# Visual Studio 15
VisualStudioVersion = 15.0.27703.2042
MinimumVisualStudioVersion = 10.0.40219.1
Project("{8BC9CEB8-8B4A-11D0-8D11-00A0C91BC942}") = "KarmasikSayiVeHarfNotu", "KarmasikSayiVeHarfNotu\KarmasikSayiVeHarfNotu.vcxproj", "{10E8BF65-5171-4BD8-A768-617B7AFC89EE}"
EndProject
Global
	GlobalSection(SolutionConfigurationPlatforms) = preSolution
		Debug|x64 = Debug|x64
		Debug|x86 = Debug|x86
		Release|x64 = Release|x64
		Release|x86 = Release|x86
	EndGlobalSection
	GlobalSection(ProjectConfigurationPlatforms) = postSolution
		{10E8BF65-5171-4BD8-A768-617B7AFC89EE}.Debug|x64.ActiveCfg = Debug|x64
		{10E8BF65-5171-4BD8-A768-617B7AFC89EE}.Debug|x64.Build.0 = Debug|x64
		{10E8BF65-5171-4BD8-A768-617B7AFC89EE}.Debug|x86.ActiveCfg = Debug|Win32
		{10E8BF65-5171-4BD8-A768-617B7AFC89EE}.Debug|x86.Build.0 = Debug|Win32
		{10E8BF65-5171-4BD8-A768-617B7AFC89EE}.Release|x64.ActiveCfg = Release|x64
		{10E8BF65-5171-4BD8-A768-617B7AFC89EE}.Release|x64.Build.0 = Release|x64
		{10E8BF65-5171-4BD8-A768-617B7AFC89EE}.Release|x86.ActiveCfg = Release|Win32
		{10E8BF65-5171-4BD8-A768-617B7AFC89EE}.Release|x86.Build.0 = Release|Win32
	EndGlobalSection
	GlobalSection(SolutionProperties) = preSolution
		HideSolutionNode = FALSE
	EndGlobalSection
	GlobalSection(ExtensibilityGlobals) = postSolution
		SolutionGuid = {6EE32769-DD3B-45EE-A5C2-C1077EF9C4CC}
	EndGlobalSection
EndGlobal
